
Microsoft Visual Studio Solution File, Format Version 12.00
# Visual Studio Version 16
VisualStudioVersion = 16.0.30114.105
MinimumVisualStudioVersion = 10.0.40219.1
Project("{FAE04EC0-301F-11D3-BF4B-00C04F79EFBC}") = "GettingRabbit", "GettingRabbit\GettingRabbit.csproj", "{68A82303-AA23-4039-BC6C-34CEBF7C7086}"
EndProject
Project("{FAE04EC0-301F-11D3-BF4B-00C04F79EFBC}") = "GettingStarted", "GettingStarted\GettingStarted.csproj", "{16118C2F-D65F-4539-83E9-137F071E2C14}"
EndProject
Project("{FAE04EC0-301F-11D3-BF4B-00C04F79EFBC}") = "GettingServiceBus", "GettingServiceBus\GettingServiceBus.csproj", "{AB0A29EA-575A-4AF3-997C-B15D7EC3F61B}"
EndProject
Project("{2150E333-8FDC-42A3-9474-1A3956D46DE8}") = "EventHubRider", "EventHubRider", "{6B8DDD6D-A418-423F-841C-B787FC1C329C}"
EndProject
Project("{FAE04EC0-301F-11D3-BF4B-00C04F79EFBC}") = "ConsoleConsumer", "ConsoleConsumer\ConsoleConsumer.csproj", "{FBBB9008-E30C-4D19-A399-08163AF4CC60}"
EndProject
Project("{FAE04EC0-301F-11D3-BF4B-00C04F79EFBC}") = "ConsoleProducer", "ConsoleProducer\ConsoleProducer.csproj", "{37AD482C-0873-4DF3-89E8-F5A377033C7C}"
EndProject
Project("{2150E333-8FDC-42A3-9474-1A3956D46DE8}") = "Automatonymous", "Automatonymous", "{3D27B5E4-6FF1-43C6-A5A8-C1AE3DAEA801}"
EndProject
Project("{FAE04EC0-301F-11D3-BF4B-00C04F79EFBC}") = "AutomatonymousWorker", "AutomatonymousWorker\AutomatonymousWorker.csproj", "{9F2B5A4F-B27B-4FAD-B60D-2B9D1ED63008}"
EndProject
Project("{FAE04EC0-301F-11D3-BF4B-00C04F79EFBC}") = "BusPublisherConsole", "BusPublisherConsole\BusPublisherConsole.csproj", "{5BCB21FB-2C3E-42B8-909F-789B6557DA32}"
EndProject
Global
	GlobalSection(SolutionConfigurationPlatforms) = preSolution
		Debug|Any CPU = Debug|Any CPU
		Debug|x64 = Debug|x64
		Debug|x86 = Debug|x86
		Release|Any CPU = Release|Any CPU
		Release|x64 = Release|x64
		Release|x86 = Release|x86
	EndGlobalSection
	GlobalSection(SolutionProperties) = preSolution
		HideSolutionNode = FALSE
	EndGlobalSection
	GlobalSection(ProjectConfigurationPlatforms) = postSolution
		{68A82303-AA23-4039-BC6C-34CEBF7C7086}.Debug|Any CPU.ActiveCfg = Debug|Any CPU
		{68A82303-AA23-4039-BC6C-34CEBF7C7086}.Debug|Any CPU.Build.0 = Debug|Any CPU
		{68A82303-AA23-4039-BC6C-34CEBF7C7086}.Debug|x64.ActiveCfg = Debug|Any CPU
		{68A82303-AA23-4039-BC6C-34CEBF7C7086}.Debug|x64.Build.0 = Debug|Any CPU
		{68A82303-AA23-4039-BC6C-34CEBF7C7086}.Debug|x86.ActiveCfg = Debug|Any CPU
		{68A82303-AA23-4039-BC6C-34CEBF7C7086}.Debug|x86.Build.0 = Debug|Any CPU
		{68A82303-AA23-4039-BC6C-34CEBF7C7086}.Release|Any CPU.ActiveCfg = Release|Any CPU
		{68A82303-AA23-4039-BC6C-34CEBF7C7086}.Release|Any CPU.Build.0 = Release|Any CPU
		{68A82303-AA23-4039-BC6C-34CEBF7C7086}.Release|x64.ActiveCfg = Release|Any CPU
		{68A82303-AA23-4039-BC6C-34CEBF7C7086}.Release|x64.Build.0 = Release|Any CPU
		{68A82303-AA23-4039-BC6C-34CEBF7C7086}.Release|x86.ActiveCfg = Release|Any CPU
		{68A82303-AA23-4039-BC6C-34CEBF7C7086}.Release|x86.Build.0 = Release|Any CPU
		{16118C2F-D65F-4539-83E9-137F071E2C14}.Debug|Any CPU.ActiveCfg = Debug|Any CPU
		{16118C2F-D65F-4539-83E9-137F071E2C14}.Debug|Any CPU.Build.0 = Debug|Any CPU
		{16118C2F-D65F-4539-83E9-137F071E2C14}.Debug|x64.ActiveCfg = Debug|Any CPU
		{16118C2F-D65F-4539-83E9-137F071E2C14}.Debug|x64.Build.0 = Debug|Any CPU
		{16118C2F-D65F-4539-83E9-137F071E2C14}.Debug|x86.ActiveCfg = Debug|Any CPU
		{16118C2F-D65F-4539-83E9-137F071E2C14}.Debug|x86.Build.0 = Debug|Any CPU
		{16118C2F-D65F-4539-83E9-137F071E2C14}.Release|Any CPU.ActiveCfg = Release|Any CPU
		{16118C2F-D65F-4539-83E9-137F071E2C14}.Release|Any CPU.Build.0 = Release|Any CPU
		{16118C2F-D65F-4539-83E9-137F071E2C14}.Release|x64.ActiveCfg = Release|Any CPU
		{16118C2F-D65F-4539-83E9-137F071E2C14}.Release|x64.Build.0 = Release|Any CPU
		{16118C2F-D65F-4539-83E9-137F071E2C14}.Release|x86.ActiveCfg = Release|Any CPU
		{16118C2F-D65F-4539-83E9-137F071E2C14}.Release|x86.Build.0 = Release|Any CPU
		{AB0A29EA-575A-4AF3-997C-B15D7EC3F61B}.Debug|Any CPU.ActiveCfg = Debug|Any CPU
		{AB0A29EA-575A-4AF3-997C-B15D7EC3F61B}.Debug|Any CPU.Build.0 = Debug|Any CPU
		{AB0A29EA-575A-4AF3-997C-B15D7EC3F61B}.Debug|x64.ActiveCfg = Debug|Any CPU
		{AB0A29EA-575A-4AF3-997C-B15D7EC3F61B}.Debug|x64.Build.0 = Debug|Any CPU
		{AB0A29EA-575A-4AF3-997C-B15D7EC3F61B}.Debug|x86.ActiveCfg = Debug|Any CPU
		{AB0A29EA-575A-4AF3-997C-B15D7EC3F61B}.Debug|x86.Build.0 = Debug|Any CPU
		{AB0A29EA-575A-4AF3-997C-B15D7EC3F61B}.Release|Any CPU.ActiveCfg = Release|Any CPU
		{AB0A29EA-575A-4AF3-997C-B15D7EC3F61B}.Release|Any CPU.Build.0 = Release|Any CPU
		{AB0A29EA-575A-4AF3-997C-B15D7EC3F61B}.Release|x64.ActiveCfg = Release|Any CPU
		{AB0A29EA-575A-4AF3-997C-B15D7EC3F61B}.Release|x64.Build.0 = Release|Any CPU
		{AB0A29EA-575A-4AF3-997C-B15D7EC3F61B}.Release|x86.ActiveCfg = Release|Any CPU
		{AB0A29EA-575A-4AF3-997C-B15D7EC3F61B}.Release|x86.Build.0 = Release|Any CPU
		{FBBB9008-E30C-4D19-A399-08163AF4CC60}.Debug|Any CPU.ActiveCfg = Debug|Any CPU
		{FBBB9008-E30C-4D19-A399-08163AF4CC60}.Debug|Any CPU.Build.0 = Debug|Any CPU
		{FBBB9008-E30C-4D19-A399-08163AF4CC60}.Debug|x64.ActiveCfg = Debug|Any CPU
		{FBBB9008-E30C-4D19-A399-08163AF4CC60}.Debug|x64.Build.0 = Debug|Any CPU
		{FBBB9008-E30C-4D19-A399-08163AF4CC60}.Debug|x86.ActiveCfg = Debug|Any CPU
		{FBBB9008-E30C-4D19-A399-08163AF4CC60}.Debug|x86.Build.0 = Debug|Any CPU
		{FBBB9008-E30C-4D19-A399-08163AF4CC60}.Release|Any CPU.ActiveCfg = Release|Any CPU
		{FBBB9008-E30C-4D19-A399-08163AF4CC60}.Release|Any CPU.Build.0 = Release|Any CPU
		{FBBB9008-E30C-4D19-A399-08163AF4CC60}.Release|x64.ActiveCfg = Release|Any CPU
		{FBBB9008-E30C-4D19-A399-08163AF4CC60}.Release|x64.Build.0 = Release|Any CPU
		{FBBB9008-E30C-4D19-A399-08163AF4CC60}.Release|x86.ActiveCfg = Release|Any CPU
		{FBBB9008-E30C-4D19-A399-08163AF4CC60}.Release|x86.Build.0 = Release|Any CPU
		{37AD482C-0873-4DF3-89E8-F5A377033C7C}.Debug|Any CPU.ActiveCfg = Debug|Any CPU
		{37AD482C-0873-4DF3-89E8-F5A377033C7C}.Debug|Any CPU.Build.0 = Debug|Any CPU
		{37AD482C-0873-4DF3-89E8-F5A377033C7C}.Debug|x64.ActiveCfg = Debug|Any CPU
		{37AD482C-0873-4DF3-89E8-F5A377033C7C}.Debug|x64.Build.0 = Debug|Any CPU
		{37AD482C-0873-4DF3-89E8-F5A377033C7C}.Debug|x86.ActiveCfg = Debug|Any CPU
		{37AD482C-0873-4DF3-89E8-F5A377033C7C}.Debug|x86.Build.0 = Debug|Any CPU
		{37AD482C-0873-4DF3-89E8-F5A377033C7C}.Release|Any CPU.ActiveCfg = Release|Any CPU
		{37AD482C-0873-4DF3-89E8-F5A377033C7C}.Release|Any CPU.Build.0 = Release|Any CPU
		{37AD482C-0873-4DF3-89E8-F5A377033C7C}.Release|x64.ActiveCfg = Release|Any CPU
		{37AD482C-0873-4DF3-89E8-F5A377033C7C}.Release|x64.Build.0 = Release|Any CPU
		{37AD482C-0873-4DF3-89E8-F5A377033C7C}.Release|x86.ActiveCfg = Release|Any CPU
		{37AD482C-0873-4DF3-89E8-F5A377033C7C}.Release|x86.Build.0 = Release|Any CPU
		{9F2B5A4F-B27B-4FAD-B60D-2B9D1ED63008}.Debug|Any CPU.ActiveCfg = Debug|Any CPU
		{9F2B5A4F-B27B-4FAD-B60D-2B9D1ED63008}.Debug|Any CPU.Build.0 = Debug|Any CPU
		{9F2B5A4F-B27B-4FAD-B60D-2B9D1ED63008}.Debug|x64.ActiveCfg = Debug|Any CPU
		{9F2B5A4F-B27B-4FAD-B60D-2B9D1ED63008}.Debug|x64.Build.0 = Debug|Any CPU
		{9F2B5A4F-B27B-4FAD-B60D-2B9D1ED63008}.Debug|x86.ActiveCfg = Debug|Any CPU
		{9F2B5A4F-B27B-4FAD-B60D-2B9D1ED63008}.Debug|x86.Build.0 = Debug|Any CPU
		{9F2B5A4F-B27B-4FAD-B60D-2B9D1ED63008}.Release|Any CPU.ActiveCfg = Release|Any CPU
		{9F2B5A4F-B27B-4FAD-B60D-2B9D1ED63008}.Release|Any CPU.Build.0 = Release|Any CPU
		{9F2B5A4F-B27B-4FAD-B60D-2B9D1ED63008}.Release|x64.ActiveCfg = Release|Any CPU
		{9F2B5A4F-B27B-4FAD-B60D-2B9D1ED63008}.Release|x64.Build.0 = Release|Any CPU
		{9F2B5A4F-B27B-4FAD-B60D-2B9D1ED63008}.Release|x86.ActiveCfg = Release|Any CPU
		{9F2B5A4F-B27B-4FAD-B60D-2B9D1ED63008}.Release|x86.Build.0 = Release|Any CPU
		{5BCB21FB-2C3E-42B8-909F-789B6557DA32}.Debug|Any CPU.ActiveCfg = Debug|Any CPU
		{5BCB21FB-2C3E-42B8-909F-789B6557DA32}.Debug|Any CPU.Build.0 = Debug|Any CPU
		{5BCB21FB-2C3E-42B8-909F-789B6557DA32}.Debug|x64.ActiveCfg = Debug|Any CPU
		{5BCB21FB-2C3E-42B8-909F-789B6557DA32}.Debug|x64.Build.0 = Debug|Any CPU
		{5BCB21FB-2C3E-42B8-909F-789B6557DA32}.Debug|x86.ActiveCfg = Debug|Any CPU
		{5BCB21FB-2C3E-42B8-909F-789B6557DA32}.Debug|x86.Build.0 = Debug|Any CPU
		{5BCB21FB-2C3E-42B8-909F-789B6557DA32}.Release|Any CPU.ActiveCfg = Release|Any CPU
		{5BCB21FB-2C3E-42B8-909F-789B6557DA32}.Release|Any CPU.Build.0 = Release|Any CPU
		{5BCB21FB-2C3E-42B8-909F-789B6557DA32}.Release|x64.ActiveCfg = Release|Any CPU
		{5BCB21FB-2C3E-42B8-909F-789B6557DA32}.Release|x64.Build.0 = Release|Any CPU
		{5BCB21FB-2C3E-42B8-909F-789B6557DA32}.Release|x86.ActiveCfg = Release|Any CPU
		{5BCB21FB-2C3E-42B8-909F-789B6557DA32}.Release|x86.Build.0 = Release|Any CPU
	EndGlobalSection
	GlobalSection(NestedProjects) = preSolution
		{FBBB9008-E30C-4D19-A399-08163AF4CC60} = {6B8DDD6D-A418-423F-841C-B787FC1C329C}
		{37AD482C-0873-4DF3-89E8-F5A377033C7C} = {6B8DDD6D-A418-423F-841C-B787FC1C329C}
		{9F2B5A4F-B27B-4FAD-B60D-2B9D1ED63008} = {3D27B5E4-6FF1-43C6-A5A8-C1AE3DAEA801}
		{5BCB21FB-2C3E-42B8-909F-789B6557DA32} = {3D27B5E4-6FF1-43C6-A5A8-C1AE3DAEA801}
	EndGlobalSection
EndGlobal
